
Microsoft Visual Studio Solution File, Format Version 12.00
# Visual Studio Version 16
VisualStudioVersion = 16.0.32630.194
MinimumVisualStudioVersion = 10.0.40219.1
Project("{888888A0-9F3D-457C-B088-3A5042F75D52}") = "PythonApplication5", "PythonApplication5\PythonApplication5.pyproj", "{B965331A-5A5A-4AB8-ADFD-798AA224A2C8}"
EndProject
Global
	GlobalSection(SolutionConfigurationPlatforms) = preSolution
		Debug|Any CPU = Debug|Any CPU
		Release|Any CPU = Release|Any CPU
	EndGlobalSection
	GlobalSection(ProjectConfigurationPlatforms) = postSolution
		{B965331A-5A5A-4AB8-ADFD-798AA224A2C8}.Debug|Any CPU.ActiveCfg = Debug|Any CPU
		{B965331A-5A5A-4AB8-ADFD-798AA224A2C8}.Release|Any CPU.ActiveCfg = Release|Any CPU
	EndGlobalSection
	GlobalSection(SolutionProperties) = preSolution
		HideSolutionNode = FALSE
	EndGlobalSection
	GlobalSection(ExtensibilityGlobals) = postSolution
		SolutionGuid = {8353F25A-0496-44A5-95FD-30CE3D3FEB84}
	EndGlobalSection
EndGlobal
